
Microsoft Visual Studio Solution File, Format Version 12.00
# Visual Studio 15
VisualStudioVersion = 15.0.28010.2026
MinimumVisualStudioVersion = 10.0.40219.1
Project("{FAE04EC0-301F-11D3-BF4B-00C04F79EFBC}") = "5AHIF_Weirer_GameOfLiveNET", "5AHIF_Weirer_GameOfLiveNET\5AHIF_Weirer_GameOfLiveNET.csproj", "{36A299D1-F5B5-4CD8-808C-58A6892C157E}"
EndProject
Global
	GlobalSection(SolutionConfigurationPlatforms) = preSolution
		Debug|Any CPU = Debug|Any CPU
		Release|Any CPU = Release|Any CPU
	EndGlobalSection
	GlobalSection(ProjectConfigurationPlatforms) = postSolution
		{36A299D1-F5B5-4CD8-808C-58A6892C157E}.Debug|Any CPU.ActiveCfg = Debug|Any CPU
		{36A299D1-F5B5-4CD8-808C-58A6892C157E}.Debug|Any CPU.Build.0 = Debug|Any CPU
		{36A299D1-F5B5-4CD8-808C-58A6892C157E}.Release|Any CPU.ActiveCfg = Release|Any CPU
		{36A299D1-F5B5-4CD8-808C-58A6892C157E}.Release|Any CPU.Build.0 = Release|Any CPU
	EndGlobalSection
	GlobalSection(SolutionProperties) = preSolution
		HideSolutionNode = FALSE
	EndGlobalSection
	GlobalSection(ExtensibilityGlobals) = postSolution
		SolutionGuid = {A396C468-3072-495E-BBED-9C1A5F03DAB2}
	EndGlobalSection
EndGlobal
